{
    "_meta": {
        "hash": {
            "sha256": "8049dfcc86f854b24d91d9d0a7f770ae2a67027e10558c09efe18f111db80d1b"
        },
        "pipfile-spec": 6,
        "requires": {
            "python_version": "3.7"
        },
        "sources": [
            {
                "name": "pypi",
                "url": "https://pypi.org/simple",
                "verify_ssl": true
            }
        ]
    },
    "default": {
        "argcomplete": {
            "hashes": [
                "sha256:2f2052ea5156eb5cc7edce9c0ddc937e30c49c1097d51b24f34350a08632a264",
                "sha256:45836de8cc63d2f6e06b898cef1e4ce1e9907d246ec77ac8e64f23f153d6bec1"
            ],
            "version": "==1.10.0"
        },
        "click": {
            "hashes": [
                "sha256:2335065e6395b9e67ca716de5f7526736bfa6ceead690adf616d925bdc622b13",
                "sha256:5b94b49521f6456670fdb30cd82a4eca9412788a93fa6dd6df72c94d5a8ff2d7"
            ],
            "version": "==7.0"
        },
        "distro": {
            "hashes": [
                "sha256:362dde65d846d23baee4b5c058c8586f219b5a54be1cf5fc6ff55c4578392f57",
                "sha256:eedf82a470ebe7d010f1872c17237c79ab04097948800029994fa458e52fb4b4"
            ],
            "version": "==1.4.0"
        },
        "pipx": {
            "hashes": [
                "sha256:2c4548e19b35117fb592371ddf520ae1349db33414f4ceb20f37d54d0465ac42",
                "sha256:33c6e2f48c8b5b9e79cb5d61d3887562ecdbc2bf2e63818ca419a88d94359bc8"
            ],
            "index": "pypi",
            "version": "==0.14.0.0"
        },
        "userpath": {
            "hashes": [
                "sha256:10fa2a90c61546f188989680a9b7510888b976f5d18503ad4482c8f919e783cb",
                "sha256:975660da84bd46f82e62dd8df0e540c5f12f67b761329b5fca0a0fabc41ada08"
            ],
            "version": "==1.2.0"
        }
    },
    "develop": {}
}
